
Microsoft Visual Studio Solution File, Format Version 12.00
# Visual Studio Version 16
VisualStudioVersion = 16.0.30717.126
MinimumVisualStudioVersion = 10.0.40219.1
Project("{9A19103F-16F7-4668-BE54-9A1E7A4F7556}") = "Tidy.AdventOfCode", "Tidy.AdventOfCode.csproj", "{01A371E9-43EC-457F-BCEB-AF0CA33802D3}"
EndProject
Global
	GlobalSection(SolutionConfigurationPlatforms) = preSolution
		Debug|Any CPU = Debug|Any CPU
		Release|Any CPU = Release|Any CPU
	EndGlobalSection
	GlobalSection(ProjectConfigurationPlatforms) = postSolution
		{01A371E9-43EC-457F-BCEB-AF0CA33802D3}.Debug|Any CPU.ActiveCfg = Debug|Any CPU
		{01A371E9-43EC-457F-BCEB-AF0CA33802D3}.Debug|Any CPU.Build.0 = Debug|Any CPU
		{01A371E9-43EC-457F-BCEB-AF0CA33802D3}.Release|Any CPU.ActiveCfg = Release|Any CPU
		{01A371E9-43EC-457F-BCEB-AF0CA33802D3}.Release|Any CPU.Build.0 = Release|Any CPU
	EndGlobalSection
	GlobalSection(SolutionProperties) = preSolution
		HideSolutionNode = FALSE
	EndGlobalSection
	GlobalSection(ExtensibilityGlobals) = postSolution
		SolutionGuid = {CB3EFAC1-77C0-45F5-9897-A7B1EA36645B}
	EndGlobalSection
EndGlobal
